// !$*UTF8*$!
{
	archiveVersion = 1;
	classes = {
	};
	objectVersion = 46;
	objects = {

/* Begin PBXBuildFile section */
		320E43DF191D503100D2C7E3 /* XCTest.framework in Frameworks */ = {isa = PBXBuildFile; fileRef = 320E43DE191D503100D2C7E3 /* XCTest.framework */; };
		320E43E2191D503100D2C7E3 /* UIKit.framework in Frameworks */ = {isa = PBXBuildFile; fileRef = 320E43E1191D503100D2C7E3 /* UIKit.framework */; };
		320E43E5191D503100D2C7E3 /* libLolayKat.a in Frameworks */ = {isa = PBXBuildFile; fileRef = 320E43CD191D503000D2C7E3 /* libLolayKat.a */; };
		320E43EB191D503100D2C7E3 /* InfoPlist.strings in Resources */ = {isa = PBXBuildFile; fileRef = 320E43E9191D503100D2C7E3 /* InfoPlist.strings */; };
		320E43ED191D503100D2C7E3 /* LolayKatTests.m in Sources */ = {isa = PBXBuildFile; fileRef = 320E43EC191D503100D2C7E3 /* LolayKatTests.m */; };
		320E440B191D50C900D2C7E3 /* LolayApsBuilder.m in Sources */ = {isa = PBXBuildFile; fileRef = 320E43F7191D50C900D2C7E3 /* LolayApsBuilder.m */; };
		320E440C191D50C900D2C7E3 /* LolayApsBuilder.m in Sources */ = {isa = PBXBuildFile; fileRef = 320E43F7191D50C900D2C7E3 /* LolayApsBuilder.m */; };
		320E440D191D50C900D2C7E3 /* LolayBackgroundNavigation.xib in Resources */ = {isa = PBXBuildFile; fileRef = 320E43F8191D50C900D2C7E3 /* LolayBackgroundNavigation.xib */; };
		320E440E191D50C900D2C7E3 /* LolayBackgroundNavigationBar.m in Sources */ = {isa = PBXBuildFile; fileRef = 320E43FA191D50C900D2C7E3 /* LolayBackgroundNavigationBar.m */; };
		320E440F191D50C900D2C7E3 /* LolayBackgroundNavigationBar.m in Sources */ = {isa = PBXBuildFile; fileRef = 320E43FA191D50C900D2C7E3 /* LolayBackgroundNavigationBar.m */; };
		320E4410191D50C900D2C7E3 /* LolayBackgroundToolbar.m in Sources */ = {isa = PBXBuildFile; fileRef = 320E43FC191D50C900D2C7E3 /* LolayBackgroundToolbar.m */; };
		320E4411191D50C900D2C7E3 /* LolayBackgroundToolbar.m in Sources */ = {isa = PBXBuildFile; fileRef = 320E43FC191D50C900D2C7E3 /* LolayBackgroundToolbar.m */; };
		320E4412191D50C900D2C7E3 /* LolayCounter.m in Sources */ = {isa = PBXBuildFile; fileRef = 320E43FE191D50C900D2C7E3 /* LolayCounter.m */; };
		320E4413191D50C900D2C7E3 /* LolayCounter.m in Sources */ = {isa = PBXBuildFile; fileRef = 320E43FE191D50C900D2C7E3 /* LolayCounter.m */; };
		320E4414191D50C900D2C7E3 /* LolayDateField.m in Sources */ = {isa = PBXBuildFile; fileRef = 320E4400191D50C900D2C7E3 /* LolayDateField.m */; };
		320E4415191D50C900D2C7E3 /* LolayDateField.m in Sources */ = {isa = PBXBuildFile; fileRef = 320E4400191D50C900D2C7E3 /* LolayDateField.m */; };
		320E4416191D50C900D2C7E3 /* LolayDateField.xib in Resources */ = {isa = PBXBuildFile; fileRef = 320E4401191D50C900D2C7E3 /* LolayDateField.xib */; };
		320E4417191D50C900D2C7E3 /* LolayDictionaryArchiver.m in Sources */ = {isa = PBXBuildFile; fileRef = 320E4404191D50C900D2C7E3 /* LolayDictionaryArchiver.m */; };
		320E4418191D50C900D2C7E3 /* LolayDictionaryArchiver.m in Sources */ = {isa = PBXBuildFile; fileRef = 320E4404191D50C900D2C7E3 /* LolayDictionaryArchiver.m */; };
		320E4419191D50C900D2C7E3 /* LolayDictionaryUnarchiver.m in Sources */ = {isa = PBXBuildFile; fileRef = 320E4406191D50C900D2C7E3 /* LolayDictionaryUnarchiver.m */; };
		320E441A191D50C900D2C7E3 /* LolayDictionaryUnarchiver.m in Sources */ = {isa = PBXBuildFile; fileRef = 320E4406191D50C900D2C7E3 /* LolayDictionaryUnarchiver.m */; };
		320E441B191D50C900D2C7E3 /* LolayDynamicBackgroundTextField.m in Sources */ = {isa = PBXBuildFile; fileRef = 320E4408191D50C900D2C7E3 /* LolayDynamicBackgroundTextField.m */; };
		320E441C191D50C900D2C7E3 /* LolayDynamicBackgroundTextField.m in Sources */ = {isa = PBXBuildFile; fileRef = 320E4408191D50C900D2C7E3 /* LolayDynamicBackgroundTextField.m */; };
		320E441D191D50C900D2C7E3 /* LolayEntityConverter.m in Sources */ = {isa = PBXBuildFile; fileRef = 320E440A191D50C900D2C7E3 /* LolayEntityConverter.m */; };
		320E441E191D50C900D2C7E3 /* LolayEntityConverter.m in Sources */ = {isa = PBXBuildFile; fileRef = 320E440A191D50C900D2C7E3 /* LolayEntityConverter.m */; };
		320E4458191D512700D2C7E3 /* LolayMemoryDiagnostics.m in Sources */ = {isa = PBXBuildFile; fileRef = 320E4420191D512700D2C7E3 /* LolayMemoryDiagnostics.m */; };
		320E4459191D512700D2C7E3 /* LolayMemoryDiagnostics.m in Sources */ = {isa = PBXBuildFile; fileRef = 320E4420191D512700D2C7E3 /* LolayMemoryDiagnostics.m */; };
		320E445A191D512700D2C7E3 /* LolayPageControl.m in Sources */ = {isa = PBXBuildFile; fileRef = 320E4422191D512700D2C7E3 /* LolayPageControl.m */; };
		320E445B191D512700D2C7E3 /* LolayPageControl.m in Sources */ = {isa = PBXBuildFile; fileRef = 320E4422191D512700D2C7E3 /* LolayPageControl.m */; };
		320E445C191D512700D2C7E3 /* LolayPairField.m in Sources */ = {isa = PBXBuildFile; fileRef = 320E4424191D512700D2C7E3 /* LolayPairField.m */; };
		320E445D191D512700D2C7E3 /* LolayPairField.m in Sources */ = {isa = PBXBuildFile; fileRef = 320E4424191D512700D2C7E3 /* LolayPairField.m */; };
		320E445E191D512700D2C7E3 /* LolayPairField.xib in Resources */ = {isa = PBXBuildFile; fileRef = 320E4425191D512700D2C7E3 /* LolayPairField.xib */; };
		320E445F191D512700D2C7E3 /* LolayScalingLabel.m in Sources */ = {isa = PBXBuildFile; fileRef = 320E4428191D512700D2C7E3 /* LolayScalingLabel.m */; };
		320E4460191D512700D2C7E3 /* LolayScalingLabel.m in Sources */ = {isa = PBXBuildFile; fileRef = 320E4428191D512700D2C7E3 /* LolayScalingLabel.m */; };
		320E4461191D512700D2C7E3 /* LolaySynchronousEventStore.m in Sources */ = {isa = PBXBuildFile; fileRef = 320E442A191D512700D2C7E3 /* LolaySynchronousEventStore.m */; };
		320E4462191D512700D2C7E3 /* LolaySynchronousEventStore.m in Sources */ = {isa = PBXBuildFile; fileRef = 320E442A191D512700D2C7E3 /* LolaySynchronousEventStore.m */; };
		320E4463191D512700D2C7E3 /* LolayUIRevealController.m in Sources */ = {isa = PBXBuildFile; fileRef = 320E442C191D512700D2C7E3 /* LolayUIRevealController.m */; };
		320E4464191D512700D2C7E3 /* LolayUIRevealController.m in Sources */ = {isa = PBXBuildFile; fileRef = 320E442C191D512700D2C7E3 /* LolayUIRevealController.m */; };
		320E4465191D512700D2C7E3 /* LolayUISwitch.m in Sources */ = {isa = PBXBuildFile; fileRef = 320E442E191D512700D2C7E3 /* LolayUISwitch.m */; };
		320E4466191D512700D2C7E3 /* LolayUISwitch.m in Sources */ = {isa = PBXBuildFile; fileRef = 320E442E191D512700D2C7E3 /* LolayUISwitch.m */; };
		320E4467191D512700D2C7E3 /* LolayUnderlineButton.m in Sources */ = {isa = PBXBuildFile; fileRef = 320E4430191D512700D2C7E3 /* LolayUnderlineButton.m */; };
		320E4468191D512700D2C7E3 /* LolayUnderlineButton.m in Sources */ = {isa = PBXBuildFile; fileRef = 320E4430191D512700D2C7E3 /* LolayUnderlineButton.m */; };
		320E4469191D512700D2C7E3 /* NSArray+Lolay.m in Sources */ = {isa = PBXBuildFile; fileRef = 320E4432191D512700D2C7E3 /* NSArray+Lolay.m */; };
		320E446A191D512700D2C7E3 /* NSArray+Lolay.m in Sources */ = {isa = PBXBuildFile; fileRef = 320E4432191D512700D2C7E3 /* NSArray+Lolay.m */; };
		320E446B191D512700D2C7E3 /* NSBundle+Lolay.m in Sources */ = {isa = PBXBuildFile; fileRef = 320E4434191D512700D2C7E3 /* NSBundle+Lolay.m */; };
		320E446C191D512700D2C7E3 /* NSBundle+Lolay.m in Sources */ = {isa = PBXBuildFile; fileRef = 320E4434191D512700D2C7E3 /* NSBundle+Lolay.m */; };
		320E446D191D512700D2C7E3 /* NSDate+Lolay.m in Sources */ = {isa = PBXBuildFile; fileRef = 320E4436191D512700D2C7E3 /* NSDate+Lolay.m */; };
		320E446E191D512700D2C7E3 /* NSDate+Lolay.m in Sources */ = {isa = PBXBuildFile; fileRef = 320E4436191D512700D2C7E3 /* NSDate+Lolay.m */; };
		320E446F191D512700D2C7E3 /* NSDictionary+Lolay.m in Sources */ = {isa = PBXBuildFile; fileRef = 320E4438191D512700D2C7E3 /* NSDictionary+Lolay.m */; };
		320E4470191D512700D2C7E3 /* NSDictionary+Lolay.m in Sources */ = {isa = PBXBuildFile; fileRef = 320E4438191D512700D2C7E3 /* NSDictionary+Lolay.m */; };
		320E4471191D512700D2C7E3 /* NSLocale+Lolay.m in Sources */ = {isa = PBXBuildFile; fileRef = 320E443A191D512700D2C7E3 /* NSLocale+Lolay.m */; };
		320E4472191D512700D2C7E3 /* NSLocale+Lolay.m in Sources */ = {isa = PBXBuildFile; fileRef = 320E443A191D512700D2C7E3 /* NSLocale+Lolay.m */; };
		320E4473191D512700D2C7E3 /* NSNumber+Lolay.m in Sources */ = {isa = PBXBuildFile; fileRef = 320E443C191D512700D2C7E3 /* NSNumber+Lolay.m */; };
		320E4474191D512700D2C7E3 /* NSNumber+Lolay.m in Sources */ = {isa = PBXBuildFile; fileRef = 320E443C191D512700D2C7E3 /* NSNumber+Lolay.m */; };
		320E4475191D512700D2C7E3 /* NSObject+Lolay.m in Sources */ = {isa = PBXBuildFile; fileRef = 320E443E191D512700D2C7E3 /* NSObject+Lolay.m */; };
		320E4476191D512700D2C7E3 /* NSObject+Lolay.m in Sources */ = {isa = PBXBuildFile; fileRef = 320E443E191D512700D2C7E3 /* NSObject+Lolay.m */; };
		320E4477191D512700D2C7E3 /* NSObject+LolayProperties.m in Sources */ = {isa = PBXBuildFile; fileRef = 320E4440191D512700D2C7E3 /* NSObject+LolayProperties.m */; };
		320E4478191D512700D2C7E3 /* NSObject+LolayProperties.m in Sources */ = {isa = PBXBuildFile; fileRef = 320E4440191D512700D2C7E3 /* NSObject+LolayProperties.m */; };
		320E4479191D512700D2C7E3 /* NSSet+Lolay.m in Sources */ = {isa = PBXBuildFile; fileRef = 320E4442191D512700D2C7E3 /* NSSet+Lolay.m */; };
		320E447A191D512700D2C7E3 /* NSSet+Lolay.m in Sources */ = {isa = PBXBuildFile; fileRef = 320E4442191D512700D2C7E3 /* NSSet+Lolay.m */; };
		320E447B191D512700D2C7E3 /* NSString+Lolay.m in Sources */ = {isa = PBXBuildFile; fileRef = 320E4444191D512700D2C7E3 /* NSString+Lolay.m */; };
		320E447C191D512700D2C7E3 /* NSString+Lolay.m in Sources */ = {isa = PBXBuildFile; fileRef = 320E4444191D512700D2C7E3 /* NSString+Lolay.m */; };
		320E447D191D512700D2C7E3 /* NSURL+Lolay.m in Sources */ = {isa = PBXBuildFile; fileRef = 320E4446191D512700D2C7E3 /* NSURL+Lolay.m */; };
		320E447E191D512700D2C7E3 /* NSURL+Lolay.m in Sources */ = {isa = PBXBuildFile; fileRef = 320E4446191D512700D2C7E3 /* NSURL+Lolay.m */; };
		320E4480191D512700D2C7E3 /* UIApplication+LolayActivityIndicator.m in Sources */ = {isa = PBXBuildFile; fileRef = 320E4449191D512700D2C7E3 /* UIApplication+LolayActivityIndicator.m */; };
		320E4481191D512700D2C7E3 /* UIApplication+LolayActivityIndicator.m in Sources */ = {isa = PBXBuildFile; fileRef = 320E4449191D512700D2C7E3 /* UIApplication+LolayActivityIndicator.m */; };
		320E4482191D512700D2C7E3 /* UIButton+Lolay.m in Sources */ = {isa = PBXBuildFile; fileRef = 320E444B191D512700D2C7E3 /* UIButton+Lolay.m */; };
		320E4483191D512700D2C7E3 /* UIButton+Lolay.m in Sources */ = {isa = PBXBuildFile; fileRef = 320E444B191D512700D2C7E3 /* UIButton+Lolay.m */; };
		320E4484191D512700D2C7E3 /* UIColor+Lolay.m in Sources */ = {isa = PBXBuildFile; fileRef = 320E444D191D512700D2C7E3 /* UIColor+Lolay.m */; };
		320E4485191D512700D2C7E3 /* UIColor+Lolay.m in Sources */ = {isa = PBXBuildFile; fileRef = 320E444D191D512700D2C7E3 /* UIColor+Lolay.m */; };
		320E4486191D512700D2C7E3 /* UIDevice+Lolay.m in Sources */ = {isa = PBXBuildFile; fileRef = 320E444F191D512700D2C7E3 /* UIDevice+Lolay.m */; };
		320E4487191D512700D2C7E3 /* UIDevice+Lolay.m in Sources */ = {isa = PBXBuildFile; fileRef = 320E444F191D512700D2C7E3 /* UIDevice+Lolay.m */; };
		320E4488191D512700D2C7E3 /* UIImage+Lolay.m in Sources */ = {isa = PBXBuildFile; fileRef = 320E4451191D512700D2C7E3 /* UIImage+Lolay.m */; };
		320E4489191D512700D2C7E3 /* UIImage+Lolay.m in Sources */ = {isa = PBXBuildFile; fileRef = 320E4451191D512700D2C7E3 /* UIImage+Lolay.m */; };
		320E448A191D512700D2C7E3 /* UILabel+Lolay.m in Sources */ = {isa = PBXBuildFile; fileRef = 320E4453191D512700D2C7E3 /* UILabel+Lolay.m */; };
		320E448B191D512700D2C7E3 /* UILabel+Lolay.m in Sources */ = {isa = PBXBuildFile; fileRef = 320E4453191D512700D2C7E3 /* UILabel+Lolay.m */; };
		320E448C191D512700D2C7E3 /* UINavigationBar+LolayBackgroundImage.m in Sources */ = {isa = PBXBuildFile; fileRef = 320E4455191D512700D2C7E3 /* UINavigationBar+LolayBackgroundImage.m */; };
		320E448D191D512700D2C7E3 /* UINavigationBar+LolayBackgroundImage.m in Sources */ = {isa = PBXBuildFile; fileRef = 320E4455191D512700D2C7E3 /* UINavigationBar+LolayBackgroundImage.m */; };
		320E448E191D512700D2C7E3 /* UIPickerView+Lolay.m in Sources */ = {isa = PBXBuildFile; fileRef = 320E4457191D512700D2C7E3 /* UIPickerView+Lolay.m */; };
		320E448F191D512700D2C7E3 /* UIPickerView+Lolay.m in Sources */ = {isa = PBXBuildFile; fileRef = 320E4457191D512700D2C7E3 /* UIPickerView+Lolay.m */; };
		320E4491191D51F400D2C7E3 /* UIKit.framework in Frameworks */ = {isa = PBXBuildFile; fileRef = 320E4490191D51F400D2C7E3 /* UIKit.framework */; };
		320E4493191D521000D2C7E3 /* EventKit.framework in Frameworks */ = {isa = PBXBuildFile; fileRef = 320E4492191D521000D2C7E3 /* EventKit.framework */; };
		320E4495191D523300D2C7E3 /* QuartzCore.framework in Frameworks */ = {isa = PBXBuildFile; fileRef = 320E4494191D523300D2C7E3 /* QuartzCore.framework */; };
		320E4497191D523900D2C7E3 /* Foundation.framework in Frameworks */ = {isa = PBXBuildFile; fileRef = 320E4496191D523900D2C7E3 /* Foundation.framework */; };
		405A83E7195CB21F00C1506B /* LolaySearchController.m in Sources */ = {isa = PBXBuildFile; fileRef = 405A83E6195CB21F00C1506B /* LolaySearchController.m */; };
		770512BB40494697BBE14A80 /* libPods.a in Frameworks */ = {isa = PBXBuildFile; fileRef = B62DAABF41824E68AAD12650 /* libPods.a */; };
/* End PBXBuildFile section */

/* Begin PBXContainerItemProxy section */
		320E43E3191D503100D2C7E3 /* PBXContainerItemProxy */ = {
			isa = PBXContainerItemProxy;
			containerPortal = 320E43C5191D503000D2C7E3 /* Project object */;
			proxyType = 1;
			remoteGlobalIDString = 320E43CC191D503000D2C7E3;
			remoteInfo = LolayKat;
		};
/* End PBXContainerItemProxy section */

/* Begin PBXCopyFilesBuildPhase section */
		320E43CB191D503000D2C7E3 /* CopyFiles */ = {
			isa = PBXCopyFilesBuildPhase;
			buildActionMask = 2147483647;
			dstPath = "include/$(PRODUCT_NAME)";
			dstSubfolderSpec = 16;
			files = (
			);
			runOnlyForDeploymentPostprocessing = 0;
		};
/* End PBXCopyFilesBuildPhase section */

/* Begin PBXFileReference section */
		320E43CD191D503000D2C7E3 /* libLolayKat.a */ = {isa = PBXFileReference; explicitFileType = archive.ar; includeInIndex = 0; path = libLolayKat.a; sourceTree = BUILT_PRODUCTS_DIR; };
		320E43D4191D503000D2C7E3 /* LolayKat-Prefix.pch */ = {isa = PBXFileReference; lastKnownFileType = sourcecode.c.h; path = "LolayKat-Prefix.pch"; sourceTree = "<group>"; };
		320E43DD191D503100D2C7E3 /* LolayKatTests.xctest */ = {isa = PBXFileReference; explicitFileType = wrapper.cfbundle; includeInIndex = 0; path = LolayKatTests.xctest; sourceTree = BUILT_PRODUCTS_DIR; };
		320E43DE191D503100D2C7E3 /* XCTest.framework */ = {isa = PBXFileReference; lastKnownFileType = wrapper.framework; name = XCTest.framework; path = Library/Frameworks/XCTest.framework; sourceTree = DEVELOPER_DIR; };
		320E43E1191D503100D2C7E3 /* UIKit.framework */ = {isa = PBXFileReference; lastKnownFileType = wrapper.framework; name = UIKit.framework; path = Library/Frameworks/UIKit.framework; sourceTree = DEVELOPER_DIR; };
		320E43E8191D503100D2C7E3 /* LolayKatTests-Info.plist */ = {isa = PBXFileReference; lastKnownFileType = text.plist.xml; path = "LolayKatTests-Info.plist"; sourceTree = "<group>"; };
		320E43EA191D503100D2C7E3 /* en */ = {isa = PBXFileReference; lastKnownFileType = text.plist.strings; name = en; path = en.lproj/InfoPlist.strings; sourceTree = "<group>"; };
		320E43EC191D503100D2C7E3 /* LolayKatTests.m */ = {isa = PBXFileReference; lastKnownFileType = sourcecode.c.objc; path = LolayKatTests.m; sourceTree = "<group>"; };
		320E43F6191D50C900D2C7E3 /* LolayApsBuilder.h */ = {isa = PBXFileReference; fileEncoding = 4; lastKnownFileType = sourcecode.c.h; path = LolayApsBuilder.h; sourceTree = SOURCE_ROOT; };
		320E43F7191D50C900D2C7E3 /* LolayApsBuilder.m */ = {isa = PBXFileReference; fileEncoding = 4; lastKnownFileType = sourcecode.c.objc; path = LolayApsBuilder.m; sourceTree = SOURCE_ROOT; };
		320E43F8191D50C900D2C7E3 /* LolayBackgroundNavigation.xib */ = {isa = PBXFileReference; fileEncoding = 4; lastKnownFileType = file.xib; path = LolayBackgroundNavigation.xib; sourceTree = SOURCE_ROOT; };
		320E43F9191D50C900D2C7E3 /* LolayBackgroundNavigationBar.h */ = {isa = PBXFileReference; fileEncoding = 4; lastKnownFileType = sourcecode.c.h; path = LolayBackgroundNavigationBar.h; sourceTree = SOURCE_ROOT; };
		320E43FA191D50C900D2C7E3 /* LolayBackgroundNavigationBar.m */ = {isa = PBXFileReference; fileEncoding = 4; lastKnownFileType = sourcecode.c.objc; path = LolayBackgroundNavigationBar.m; sourceTree = SOURCE_ROOT; };
		320E43FB191D50C900D2C7E3 /* LolayBackgroundToolbar.h */ = {isa = PBXFileReference; fileEncoding = 4; lastKnownFileType = sourcecode.c.h; path = LolayBackgroundToolbar.h; sourceTree = SOURCE_ROOT; };
		320E43FC191D50C900D2C7E3 /* LolayBackgroundToolbar.m */ = {isa = PBXFileReference; fileEncoding = 4; lastKnownFileType = sourcecode.c.objc; path = LolayBackgroundToolbar.m; sourceTree = SOURCE_ROOT; };
		320E43FD191D50C900D2C7E3 /* LolayCounter.h */ = {isa = PBXFileReference; fileEncoding = 4; lastKnownFileType = sourcecode.c.h; path = LolayCounter.h; sourceTree = SOURCE_ROOT; };
		320E43FE191D50C900D2C7E3 /* LolayCounter.m */ = {isa = PBXFileReference; fileEncoding = 4; lastKnownFileType = sourcecode.c.objc; path = LolayCounter.m; sourceTree = SOURCE_ROOT; };
		320E43FF191D50C900D2C7E3 /* LolayDateField.h */ = {isa = PBXFileReference; fileEncoding = 4; lastKnownFileType = sourcecode.c.h; path = LolayDateField.h; sourceTree = SOURCE_ROOT; };
		320E4400191D50C900D2C7E3 /* LolayDateField.m */ = {isa = PBXFileReference; fileEncoding = 4; lastKnownFileType = sourcecode.c.objc; path = LolayDateField.m; sourceTree = SOURCE_ROOT; };
		320E4401191D50C900D2C7E3 /* LolayDateField.xib */ = {isa = PBXFileReference; fileEncoding = 4; lastKnownFileType = file.xib; path = LolayDateField.xib; sourceTree = SOURCE_ROOT; };
		320E4402191D50C900D2C7E3 /* LolayDateFieldDelegate.h */ = {isa = PBXFileReference; fileEncoding = 4; lastKnownFileType = sourcecode.c.h; path = LolayDateFieldDelegate.h; sourceTree = SOURCE_ROOT; };
		320E4403191D50C900D2C7E3 /* LolayDictionaryArchiver.h */ = {isa = PBXFileReference; fileEncoding = 4; lastKnownFileType = sourcecode.c.h; path = LolayDictionaryArchiver.h; sourceTree = SOURCE_ROOT; };
		320E4404191D50C900D2C7E3 /* LolayDictionaryArchiver.m */ = {isa = PBXFileReference; fileEncoding = 4; lastKnownFileType = sourcecode.c.objc; path = LolayDictionaryArchiver.m; sourceTree = SOURCE_ROOT; };
		320E4405191D50C900D2C7E3 /* LolayDictionaryUnarchiver.h */ = {isa = PBXFileReference; fileEncoding = 4; lastKnownFileType = sourcecode.c.h; path = LolayDictionaryUnarchiver.h; sourceTree = SOURCE_ROOT; };
		320E4406191D50C900D2C7E3 /* LolayDictionaryUnarchiver.m */ = {isa = PBXFileReference; fileEncoding = 4; lastKnownFileType = sourcecode.c.objc; path = LolayDictionaryUnarchiver.m; sourceTree = SOURCE_ROOT; };
		320E4407191D50C900D2C7E3 /* LolayDynamicBackgroundTextField.h */ = {isa = PBXFileReference; fileEncoding = 4; lastKnownFileType = sourcecode.c.h; path = LolayDynamicBackgroundTextField.h; sourceTree = SOURCE_ROOT; };
		320E4408191D50C900D2C7E3 /* LolayDynamicBackgroundTextField.m */ = {isa = PBXFileReference; fileEncoding = 4; lastKnownFileType = sourcecode.c.objc; path = LolayDynamicBackgroundTextField.m; sourceTree = SOURCE_ROOT; };
		320E4409191D50C900D2C7E3 /* LolayEntityConverter.h */ = {isa = PBXFileReference; fileEncoding = 4; lastKnownFileType = sourcecode.c.h; path = LolayEntityConverter.h; sourceTree = SOURCE_ROOT; };
		320E440A191D50C900D2C7E3 /* LolayEntityConverter.m */ = {isa = PBXFileReference; fileEncoding = 4; lastKnownFileType = sourcecode.c.objc; path = LolayEntityConverter.m; sourceTree = SOURCE_ROOT; };
		320E441F191D512700D2C7E3 /* LolayMemoryDiagnostics.h */ = {isa = PBXFileReference; fileEncoding = 4; lastKnownFileType = sourcecode.c.h; path = LolayMemoryDiagnostics.h; sourceTree = SOURCE_ROOT; };
		320E4420191D512700D2C7E3 /* LolayMemoryDiagnostics.m */ = {isa = PBXFileReference; fileEncoding = 4; lastKnownFileType = sourcecode.c.objc; path = LolayMemoryDiagnostics.m; sourceTree = SOURCE_ROOT; };
		320E4421191D512700D2C7E3 /* LolayPageControl.h */ = {isa = PBXFileReference; fileEncoding = 4; lastKnownFileType = sourcecode.c.h; path = LolayPageControl.h; sourceTree = SOURCE_ROOT; };
		320E4422191D512700D2C7E3 /* LolayPageControl.m */ = {isa = PBXFileReference; fileEncoding = 4; lastKnownFileType = sourcecode.c.objc; path = LolayPageControl.m; sourceTree = SOURCE_ROOT; };
		320E4423191D512700D2C7E3 /* LolayPairField.h */ = {isa = PBXFileReference; fileEncoding = 4; lastKnownFileType = sourcecode.c.h; path = LolayPairField.h; sourceTree = SOURCE_ROOT; };
		320E4424191D512700D2C7E3 /* LolayPairField.m */ = {isa = PBXFileReference; fileEncoding = 4; lastKnownFileType = sourcecode.c.objc; path = LolayPairField.m; sourceTree = SOURCE_ROOT; };
		320E4425191D512700D2C7E3 /* LolayPairField.xib */ = {isa = PBXFileReference; fileEncoding = 4; lastKnownFileType = file.xib; path = LolayPairField.xib; sourceTree = SOURCE_ROOT; };
		320E4426191D512700D2C7E3 /* LolayPairFieldDelegate.h */ = {isa = PBXFileReference; fileEncoding = 4; lastKnownFileType = sourcecode.c.h; path = LolayPairFieldDelegate.h; sourceTree = SOURCE_ROOT; };
		320E4427191D512700D2C7E3 /* LolayScalingLabel.h */ = {isa = PBXFileReference; fileEncoding = 4; lastKnownFileType = sourcecode.c.h; path = LolayScalingLabel.h; sourceTree = SOURCE_ROOT; };
		320E4428191D512700D2C7E3 /* LolayScalingLabel.m */ = {isa = PBXFileReference; fileEncoding = 4; lastKnownFileType = sourcecode.c.objc; path = LolayScalingLabel.m; sourceTree = SOURCE_ROOT; };
		320E4429191D512700D2C7E3 /* LolaySynchronousEventStore.h */ = {isa = PBXFileReference; fileEncoding = 4; lastKnownFileType = sourcecode.c.h; path = LolaySynchronousEventStore.h; sourceTree = SOURCE_ROOT; };
		320E442A191D512700D2C7E3 /* LolaySynchronousEventStore.m */ = {isa = PBXFileReference; fileEncoding = 4; lastKnownFileType = sourcecode.c.objc; path = LolaySynchronousEventStore.m; sourceTree = SOURCE_ROOT; };
		320E442B191D512700D2C7E3 /* LolayUIRevealController.h */ = {isa = PBXFileReference; fileEncoding = 4; lastKnownFileType = sourcecode.c.h; path = LolayUIRevealController.h; sourceTree = SOURCE_ROOT; };
		320E442C191D512700D2C7E3 /* LolayUIRevealController.m */ = {isa = PBXFileReference; fileEncoding = 4; lastKnownFileType = sourcecode.c.objc; path = LolayUIRevealController.m; sourceTree = SOURCE_ROOT; };
		320E442D191D512700D2C7E3 /* LolayUISwitch.h */ = {isa = PBXFileReference; fileEncoding = 4; lastKnownFileType = sourcecode.c.h; path = LolayUISwitch.h; sourceTree = SOURCE_ROOT; };
		320E442E191D512700D2C7E3 /* LolayUISwitch.m */ = {isa = PBXFileReference; fileEncoding = 4; lastKnownFileType = sourcecode.c.objc; path = LolayUISwitch.m; sourceTree = SOURCE_ROOT; };
		320E442F191D512700D2C7E3 /* LolayUnderlineButton.h */ = {isa = PBXFileReference; fileEncoding = 4; lastKnownFileType = sourcecode.c.h; path = LolayUnderlineButton.h; sourceTree = SOURCE_ROOT; };
		320E4430191D512700D2C7E3 /* LolayUnderlineButton.m */ = {isa = PBXFileReference; fileEncoding = 4; lastKnownFileType = sourcecode.c.objc; path = LolayUnderlineButton.m; sourceTree = SOURCE_ROOT; };
		320E4431191D512700D2C7E3 /* NSArray+Lolay.h */ = {isa = PBXFileReference; fileEncoding = 4; lastKnownFileType = sourcecode.c.h; path = "NSArray+Lolay.h"; sourceTree = SOURCE_ROOT; };
		320E4432191D512700D2C7E3 /* NSArray+Lolay.m */ = {isa = PBXFileReference; fileEncoding = 4; lastKnownFileType = sourcecode.c.objc; path = "NSArray+Lolay.m"; sourceTree = SOURCE_ROOT; };
		320E4433191D512700D2C7E3 /* NSBundle+Lolay.h */ = {isa = PBXFileReference; fileEncoding = 4; lastKnownFileType = sourcecode.c.h; path = "NSBundle+Lolay.h"; sourceTree = SOURCE_ROOT; };
		320E4434191D512700D2C7E3 /* NSBundle+Lolay.m */ = {isa = PBXFileReference; fileEncoding = 4; lastKnownFileType = sourcecode.c.objc; path = "NSBundle+Lolay.m"; sourceTree = SOURCE_ROOT; };
		320E4435191D512700D2C7E3 /* NSDate+Lolay.h */ = {isa = PBXFileReference; fileEncoding = 4; lastKnownFileType = sourcecode.c.h; path = "NSDate+Lolay.h"; sourceTree = SOURCE_ROOT; };
		320E4436191D512700D2C7E3 /* NSDate+Lolay.m */ = {isa = PBXFileReference; fileEncoding = 4; lastKnownFileType = sourcecode.c.objc; path = "NSDate+Lolay.m"; sourceTree = SOURCE_ROOT; };
		320E4437191D512700D2C7E3 /* NSDictionary+Lolay.h */ = {isa = PBXFileReference; fileEncoding = 4; lastKnownFileType = sourcecode.c.h; path = "NSDictionary+Lolay.h"; sourceTree = SOURCE_ROOT; };
		320E4438191D512700D2C7E3 /* NSDictionary+Lolay.m */ = {isa = PBXFileReference; fileEncoding = 4; lastKnownFileType = sourcecode.c.objc; path = "NSDictionary+Lolay.m"; sourceTree = SOURCE_ROOT; };
		320E4439191D512700D2C7E3 /* NSLocale+Lolay.h */ = {isa = PBXFileReference; fileEncoding = 4; lastKnownFileType = sourcecode.c.h; path = "NSLocale+Lolay.h"; sourceTree = SOURCE_ROOT; };
		320E443A191D512700D2C7E3 /* NSLocale+Lolay.m */ = {isa = PBXFileReference; fileEncoding = 4; lastKnownFileType = sourcecode.c.objc; path = "NSLocale+Lolay.m"; sourceTree = SOURCE_ROOT; };
		320E443B191D512700D2C7E3 /* NSNumber+Lolay.h */ = {isa = PBXFileReference; fileEncoding = 4; lastKnownFileType = sourcecode.c.h; path = "NSNumber+Lolay.h"; sourceTree = SOURCE_ROOT; };
		320E443C191D512700D2C7E3 /* NSNumber+Lolay.m */ = {isa = PBXFileReference; fileEncoding = 4; lastKnownFileType = sourcecode.c.objc; path = "NSNumber+Lolay.m"; sourceTree = SOURCE_ROOT; };
		320E443D191D512700D2C7E3 /* NSObject+Lolay.h */ = {isa = PBXFileReference; fileEncoding = 4; lastKnownFileType = sourcecode.c.h; path = "NSObject+Lolay.h"; sourceTree = SOURCE_ROOT; };
		320E443E191D512700D2C7E3 /* NSObject+Lolay.m */ = {isa = PBXFileReference; fileEncoding = 4; lastKnownFileType = sourcecode.c.objc; path = "NSObject+Lolay.m"; sourceTree = SOURCE_ROOT; };
		320E443F191D512700D2C7E3 /* NSObject+LolayProperties.h */ = {isa = PBXFileReference; fileEncoding = 4; lastKnownFileType = sourcecode.c.h; path = "NSObject+LolayProperties.h"; sourceTree = SOURCE_ROOT; };
		320E4440191D512700D2C7E3 /* NSObject+LolayProperties.m */ = {isa = PBXFileReference; fileEncoding = 4; lastKnownFileType = sourcecode.c.objc; path = "NSObject+LolayProperties.m"; sourceTree = SOURCE_ROOT; };
		320E4441191D512700D2C7E3 /* NSSet+Lolay.h */ = {isa = PBXFileReference; fileEncoding = 4; lastKnownFileType = sourcecode.c.h; path = "NSSet+Lolay.h"; sourceTree = SOURCE_ROOT; };
		320E4442191D512700D2C7E3 /* NSSet+Lolay.m */ = {isa = PBXFileReference; fileEncoding = 4; lastKnownFileType = sourcecode.c.objc; path = "NSSet+Lolay.m"; sourceTree = SOURCE_ROOT; };
		320E4443191D512700D2C7E3 /* NSString+Lolay.h */ = {isa = PBXFileReference; fileEncoding = 4; lastKnownFileType = sourcecode.c.h; path = "NSString+Lolay.h"; sourceTree = SOURCE_ROOT; };
		320E4444191D512700D2C7E3 /* NSString+Lolay.m */ = {isa = PBXFileReference; fileEncoding = 4; lastKnownFileType = sourcecode.c.objc; path = "NSString+Lolay.m"; sourceTree = SOURCE_ROOT; };
		320E4445191D512700D2C7E3 /* NSURL+Lolay.h */ = {isa = PBXFileReference; fileEncoding = 4; lastKnownFileType = sourcecode.c.h; path = "NSURL+Lolay.h"; sourceTree = SOURCE_ROOT; };
		320E4446191D512700D2C7E3 /* NSURL+Lolay.m */ = {isa = PBXFileReference; fileEncoding = 4; lastKnownFileType = sourcecode.c.objc; path = "NSURL+Lolay.m"; sourceTree = SOURCE_ROOT; };
		320E4448191D512700D2C7E3 /* UIApplication+LolayActivityIndicator.h */ = {isa = PBXFileReference; fileEncoding = 4; lastKnownFileType = sourcecode.c.h; path = "UIApplication+LolayActivityIndicator.h"; sourceTree = SOURCE_ROOT; };
		320E4449191D512700D2C7E3 /* UIApplication+LolayActivityIndicator.m */ = {isa = PBXFileReference; fileEncoding = 4; lastKnownFileType = sourcecode.c.objc; path = "UIApplication+LolayActivityIndicator.m"; sourceTree = SOURCE_ROOT; };
		320E444A191D512700D2C7E3 /* UIButton+Lolay.h */ = {isa = PBXFileReference; fileEncoding = 4; lastKnownFileType = sourcecode.c.h; path = "UIButton+Lolay.h"; sourceTree = SOURCE_ROOT; };
		320E444B191D512700D2C7E3 /* UIButton+Lolay.m */ = {isa = PBXFileReference; fileEncoding = 4; lastKnownFileType = sourcecode.c.objc; path = "UIButton+Lolay.m"; sourceTree = SOURCE_ROOT; };
		320E444C191D512700D2C7E3 /* UIColor+Lolay.h */ = {isa = PBXFileReference; fileEncoding = 4; lastKnownFileType = sourcecode.c.h; path = "UIColor+Lolay.h"; sourceTree = SOURCE_ROOT; };
		320E444D191D512700D2C7E3 /* UIColor+Lolay.m */ = {isa = PBXFileReference; fileEncoding = 4; lastKnownFileType = sourcecode.c.objc; path = "UIColor+Lolay.m"; sourceTree = SOURCE_ROOT; };
		320E444E191D512700D2C7E3 /* UIDevice+Lolay.h */ = {isa = PBXFileReference; fileEncoding = 4; lastKnownFileType = sourcecode.c.h; path = "UIDevice+Lolay.h"; sourceTree = SOURCE_ROOT; };
		320E444F191D512700D2C7E3 /* UIDevice+Lolay.m */ = {isa = PBXFileReference; fileEncoding = 4; lastKnownFileType = sourcecode.c.objc; path = "UIDevice+Lolay.m"; sourceTree = SOURCE_ROOT; };
		320E4450191D512700D2C7E3 /* UIImage+Lolay.h */ = {isa = PBXFileReference; fileEncoding = 4; lastKnownFileType = sourcecode.c.h; path = "UIImage+Lolay.h"; sourceTree = SOURCE_ROOT; };
		320E4451191D512700D2C7E3 /* UIImage+Lolay.m */ = {isa = PBXFileReference; fileEncoding = 4; lastKnownFileType = sourcecode.c.objc; path = "UIImage+Lolay.m"; sourceTree = SOURCE_ROOT; };
		320E4452191D512700D2C7E3 /* UILabel+Lolay.h */ = {isa = PBXFileReference; fileEncoding = 4; lastKnownFileType = sourcecode.c.h; path = "UILabel+Lolay.h"; sourceTree = SOURCE_ROOT; };
		320E4453191D512700D2C7E3 /* UILabel+Lolay.m */ = {isa = PBXFileReference; fileEncoding = 4; lastKnownFileType = sourcecode.c.objc; path = "UILabel+Lolay.m"; sourceTree = SOURCE_ROOT; };
		320E4454191D512700D2C7E3 /* UINavigationBar+LolayBackgroundImage.h */ = {isa = PBXFileReference; fileEncoding = 4; lastKnownFileType = sourcecode.c.h; path = "UINavigationBar+LolayBackgroundImage.h"; sourceTree = SOURCE_ROOT; };
		320E4455191D512700D2C7E3 /* UINavigationBar+LolayBackgroundImage.m */ = {isa = PBXFileReference; fileEncoding = 4; lastKnownFileType = sourcecode.c.objc; path = "UINavigationBar+LolayBackgroundImage.m"; sourceTree = SOURCE_ROOT; };
		320E4456191D512700D2C7E3 /* UIPickerView+Lolay.h */ = {isa = PBXFileReference; fileEncoding = 4; lastKnownFileType = sourcecode.c.h; path = "UIPickerView+Lolay.h"; sourceTree = SOURCE_ROOT; };
		320E4457191D512700D2C7E3 /* UIPickerView+Lolay.m */ = {isa = PBXFileReference; fileEncoding = 4; lastKnownFileType = sourcecode.c.objc; path = "UIPickerView+Lolay.m"; sourceTree = SOURCE_ROOT; };
		320E4490191D51F400D2C7E3 /* UIKit.framework */ = {isa = PBXFileReference; lastKnownFileType = wrapper.framework; name = UIKit.framework; path = System/Library/Frameworks/UIKit.framework; sourceTree = SDKROOT; };
		320E4492191D521000D2C7E3 /* EventKit.framework */ = {isa = PBXFileReference; lastKnownFileType = wrapper.framework; name = EventKit.framework; path = System/Library/Frameworks/EventKit.framework; sourceTree = SDKROOT; };
		320E4494191D523300D2C7E3 /* QuartzCore.framework */ = {isa = PBXFileReference; lastKnownFileType = wrapper.framework; name = QuartzCore.framework; path = System/Library/Frameworks/QuartzCore.framework; sourceTree = SDKROOT; };
		320E4496191D523900D2C7E3 /* Foundation.framework */ = {isa = PBXFileReference; lastKnownFileType = wrapper.framework; name = Foundation.framework; path = System/Library/Frameworks/Foundation.framework; sourceTree = SDKROOT; };
		320E44D7191DB01F00D2C7E3 /* LolayKatGlobals.h */ = {isa = PBXFileReference; lastKnownFileType = sourcecode.c.h; path = LolayKatGlobals.h; sourceTree = SOURCE_ROOT; };
		320E44D8191DD7FD00D2C7E3 /* LolayKat.podspec */ = {isa = PBXFileReference; lastKnownFileType = text; path = LolayKat.podspec; sourceTree = "<group>"; };
		405A83E5195CB21F00C1506B /* LolaySearchController.h */ = {isa = PBXFileReference; fileEncoding = 4; lastKnownFileType = sourcecode.c.h; path = LolaySearchController.h; sourceTree = SOURCE_ROOT; };
		405A83E6195CB21F00C1506B /* LolaySearchController.m */ = {isa = PBXFileReference; fileEncoding = 4; lastKnownFileType = sourcecode.c.objc; path = LolaySearchController.m; sourceTree = SOURCE_ROOT; };
		95B2E07282D34F31B0F0D579 /* Pods.xcconfig */ = {isa = PBXFileReference; includeInIndex = 1; lastKnownFileType = text.xcconfig; name = Pods.xcconfig; path = Pods/Pods.xcconfig; sourceTree = "<group>"; };
		B62DAABF41824E68AAD12650 /* libPods.a */ = {isa = PBXFileReference; explicitFileType = archive.ar; includeInIndex = 0; path = libPods.a; sourceTree = BUILT_PRODUCTS_DIR; };
/* End PBXFileReference section */

/* Begin PBXFrameworksBuildPhase section */
		320E43CA191D503000D2C7E3 /* Frameworks */ = {
			isa = PBXFrameworksBuildPhase;
			buildActionMask = 2147483647;
			files = (
				320E4497191D523900D2C7E3 /* Foundation.framework in Frameworks */,
				320E4495191D523300D2C7E3 /* QuartzCore.framework in Frameworks */,
				320E4493191D521000D2C7E3 /* EventKit.framework in Frameworks */,
				320E4491191D51F400D2C7E3 /* UIKit.framework in Frameworks */,
				770512BB40494697BBE14A80 /* libPods.a in Frameworks */,
			);
			runOnlyForDeploymentPostprocessing = 0;
		};
		320E43DA191D503100D2C7E3 /* Frameworks */ = {
			isa = PBXFrameworksBuildPhase;
			buildActionMask = 2147483647;
			files = (
				320E43E5191D503100D2C7E3 /* libLolayKat.a in Frameworks */,
				320E43DF191D503100D2C7E3 /* XCTest.framework in Frameworks */,
				320E43E2191D503100D2C7E3 /* UIKit.framework in Frameworks */,
			);
			runOnlyForDeploymentPostprocessing = 0;
		};
/* End PBXFrameworksBuildPhase section */

/* Begin PBXGroup section */
		320E43C4191D503000D2C7E3 = {
			isa = PBXGroup;
			children = (
				320E43D2191D503000D2C7E3 /* LolayKat */,
				320E43E6191D503100D2C7E3 /* LolayKatTests */,
				320E43CF191D503000D2C7E3 /* Frameworks */,
				320E43CE191D503000D2C7E3 /* Products */,
				320E44D8191DD7FD00D2C7E3 /* LolayKat.podspec */,
				95B2E07282D34F31B0F0D579 /* Pods.xcconfig */,
			);
			sourceTree = "<group>";
		};
		320E43CE191D503000D2C7E3 /* Products */ = {
			isa = PBXGroup;
			children = (
				320E43CD191D503000D2C7E3 /* libLolayKat.a */,
				320E43DD191D503100D2C7E3 /* LolayKatTests.xctest */,
			);
			name = Products;
			sourceTree = "<group>";
		};
		320E43CF191D503000D2C7E3 /* Frameworks */ = {
			isa = PBXGroup;
			children = (
				320E4496191D523900D2C7E3 /* Foundation.framework */,
				320E4494191D523300D2C7E3 /* QuartzCore.framework */,
				320E4492191D521000D2C7E3 /* EventKit.framework */,
				320E4490191D51F400D2C7E3 /* UIKit.framework */,
				320E43DE191D503100D2C7E3 /* XCTest.framework */,
				320E43E1191D503100D2C7E3 /* UIKit.framework */,
				B62DAABF41824E68AAD12650 /* libPods.a */,
			);
			name = Frameworks;
			sourceTree = "<group>";
		};
		320E43D2191D503000D2C7E3 /* LolayKat */ = {
			isa = PBXGroup;
			children = (
				405A83E5195CB21F00C1506B /* LolaySearchController.h */,
				405A83E6195CB21F00C1506B /* LolaySearchController.m */,
				320E43F6191D50C900D2C7E3 /* LolayApsBuilder.h */,
				320E43F7191D50C900D2C7E3 /* LolayApsBuilder.m */,
				320E43F8191D50C900D2C7E3 /* LolayBackgroundNavigation.xib */,
				320E43F9191D50C900D2C7E3 /* LolayBackgroundNavigationBar.h */,
				320E43FA191D50C900D2C7E3 /* LolayBackgroundNavigationBar.m */,
				320E43FB191D50C900D2C7E3 /* LolayBackgroundToolbar.h */,
				320E43FC191D50C900D2C7E3 /* LolayBackgroundToolbar.m */,
				320E43FD191D50C900D2C7E3 /* LolayCounter.h */,
				320E43FE191D50C900D2C7E3 /* LolayCounter.m */,
				320E43FF191D50C900D2C7E3 /* LolayDateField.h */,
				320E4400191D50C900D2C7E3 /* LolayDateField.m */,
				320E4401191D50C900D2C7E3 /* LolayDateField.xib */,
				320E4402191D50C900D2C7E3 /* LolayDateFieldDelegate.h */,
				320E4403191D50C900D2C7E3 /* LolayDictionaryArchiver.h */,
				320E4404191D50C900D2C7E3 /* LolayDictionaryArchiver.m */,
				320E4405191D50C900D2C7E3 /* LolayDictionaryUnarchiver.h */,
				320E4406191D50C900D2C7E3 /* LolayDictionaryUnarchiver.m */,
				320E4407191D50C900D2C7E3 /* LolayDynamicBackgroundTextField.h */,
				320E4408191D50C900D2C7E3 /* LolayDynamicBackgroundTextField.m */,
				320E4409191D50C900D2C7E3 /* LolayEntityConverter.h */,
				320E440A191D50C900D2C7E3 /* LolayEntityConverter.m */,
				320E441F191D512700D2C7E3 /* LolayMemoryDiagnostics.h */,
				320E4420191D512700D2C7E3 /* LolayMemoryDiagnostics.m */,
				320E4421191D512700D2C7E3 /* LolayPageControl.h */,
				320E4422191D512700D2C7E3 /* LolayPageControl.m */,
				320E4423191D512700D2C7E3 /* LolayPairField.h */,
				320E4424191D512700D2C7E3 /* LolayPairField.m */,
				320E4425191D512700D2C7E3 /* LolayPairField.xib */,
				320E4426191D512700D2C7E3 /* LolayPairFieldDelegate.h */,
				320E4427191D512700D2C7E3 /* LolayScalingLabel.h */,
				320E4428191D512700D2C7E3 /* LolayScalingLabel.m */,
				320E4429191D512700D2C7E3 /* LolaySynchronousEventStore.h */,
				320E442A191D512700D2C7E3 /* LolaySynchronousEventStore.m */,
				320E442B191D512700D2C7E3 /* LolayUIRevealController.h */,
				320E442C191D512700D2C7E3 /* LolayUIRevealController.m */,
				320E442D191D512700D2C7E3 /* LolayUISwitch.h */,
				320E442E191D512700D2C7E3 /* LolayUISwitch.m */,
				320E442F191D512700D2C7E3 /* LolayUnderlineButton.h */,
				320E4430191D512700D2C7E3 /* LolayUnderlineButton.m */,
				320E4431191D512700D2C7E3 /* NSArray+Lolay.h */,
				320E4432191D512700D2C7E3 /* NSArray+Lolay.m */,
				320E4433191D512700D2C7E3 /* NSBundle+Lolay.h */,
				320E4434191D512700D2C7E3 /* NSBundle+Lolay.m */,
				320E4435191D512700D2C7E3 /* NSDate+Lolay.h */,
				320E4436191D512700D2C7E3 /* NSDate+Lolay.m */,
				320E4437191D512700D2C7E3 /* NSDictionary+Lolay.h */,
				320E4438191D512700D2C7E3 /* NSDictionary+Lolay.m */,
				320E4439191D512700D2C7E3 /* NSLocale+Lolay.h */,
				320E443A191D512700D2C7E3 /* NSLocale+Lolay.m */,
				320E443B191D512700D2C7E3 /* NSNumber+Lolay.h */,
				320E443C191D512700D2C7E3 /* NSNumber+Lolay.m */,
				320E443D191D512700D2C7E3 /* NSObject+Lolay.h */,
				320E443E191D512700D2C7E3 /* NSObject+Lolay.m */,
				320E443F191D512700D2C7E3 /* NSObject+LolayProperties.h */,
				320E4440191D512700D2C7E3 /* NSObject+LolayProperties.m */,
				320E4441191D512700D2C7E3 /* NSSet+Lolay.h */,
				320E4442191D512700D2C7E3 /* NSSet+Lolay.m */,
				320E4443191D512700D2C7E3 /* NSString+Lolay.h */,
				320E4444191D512700D2C7E3 /* NSString+Lolay.m */,
				320E4445191D512700D2C7E3 /* NSURL+Lolay.h */,
				320E4446191D512700D2C7E3 /* NSURL+Lolay.m */,
				320E4448191D512700D2C7E3 /* UIApplication+LolayActivityIndicator.h */,
				320E4449191D512700D2C7E3 /* UIApplication+LolayActivityIndicator.m */,
				320E444A191D512700D2C7E3 /* UIButton+Lolay.h */,
				320E444B191D512700D2C7E3 /* UIButton+Lolay.m */,
				320E444C191D512700D2C7E3 /* UIColor+Lolay.h */,
				320E444D191D512700D2C7E3 /* UIColor+Lolay.m */,
				320E444E191D512700D2C7E3 /* UIDevice+Lolay.h */,
				320E444F191D512700D2C7E3 /* UIDevice+Lolay.m */,
				320E4450191D512700D2C7E3 /* UIImage+Lolay.h */,
				320E4451191D512700D2C7E3 /* UIImage+Lolay.m */,
				320E4452191D512700D2C7E3 /* UILabel+Lolay.h */,
				320E4453191D512700D2C7E3 /* UILabel+Lolay.m */,
				320E4454191D512700D2C7E3 /* UINavigationBar+LolayBackgroundImage.h */,
				320E4455191D512700D2C7E3 /* UINavigationBar+LolayBackgroundImage.m */,
				320E4456191D512700D2C7E3 /* UIPickerView+Lolay.h */,
				320E4457191D512700D2C7E3 /* UIPickerView+Lolay.m */,
				320E43D3191D503000D2C7E3 /* Supporting Files */,
				320E44D7191DB01F00D2C7E3 /* LolayKatGlobals.h */,
			);
			path = LolayKat;
			sourceTree = "<group>";
		};
		320E43D3191D503000D2C7E3 /* Supporting Files */ = {
			isa = PBXGroup;
			children = (
				320E43D4191D503000D2C7E3 /* LolayKat-Prefix.pch */,
			);
			name = "Supporting Files";
			sourceTree = "<group>";
		};
		320E43E6191D503100D2C7E3 /* LolayKatTests */ = {
			isa = PBXGroup;
			children = (
				320E43EC191D503100D2C7E3 /* LolayKatTests.m */,
				320E43E7191D503100D2C7E3 /* Supporting Files */,
			);
			path = LolayKatTests;
			sourceTree = "<group>";
		};
		320E43E7191D503100D2C7E3 /* Supporting Files */ = {
			isa = PBXGroup;
			children = (
				320E43E8191D503100D2C7E3 /* LolayKatTests-Info.plist */,
				320E43E9191D503100D2C7E3 /* InfoPlist.strings */,
			);
			name = "Supporting Files";
			sourceTree = "<group>";
		};
/* End PBXGroup section */

/* Begin PBXNativeTarget section */
		320E43CC191D503000D2C7E3 /* LolayKat */ = {
			isa = PBXNativeTarget;
			buildConfigurationList = 320E43F0191D503100D2C7E3 /* Build configuration list for PBXNativeTarget "LolayKat" */;
			buildPhases = (
				FA123625DFB24176A909E8E8 /* Check Pods Manifest.lock */,
				320E43C9191D503000D2C7E3 /* Sources */,
				320E43CA191D503000D2C7E3 /* Frameworks */,
				320E43CB191D503000D2C7E3 /* CopyFiles */,
				2CC01155CBE64A0CB05636B4 /* Copy Pods Resources */,
			);
			buildRules = (
			);
			dependencies = (
			);
			name = LolayKat;
			productName = LolayKat;
			productReference = 320E43CD191D503000D2C7E3 /* libLolayKat.a */;
			productType = "com.apple.product-type.library.static";
		};
		320E43DC191D503100D2C7E3 /* LolayKatTests */ = {
			isa = PBXNativeTarget;
			buildConfigurationList = 320E43F3191D503100D2C7E3 /* Build configuration list for PBXNativeTarget "LolayKatTests" */;
			buildPhases = (
				320E43D9191D503100D2C7E3 /* Sources */,
				320E43DA191D503100D2C7E3 /* Frameworks */,
				320E43DB191D503100D2C7E3 /* Resources */,
			);
			buildRules = (
			);
			dependencies = (
				320E43E4191D503100D2C7E3 /* PBXTargetDependency */,
			);
			name = LolayKatTests;
			productName = LolayKatTests;
			productReference = 320E43DD191D503100D2C7E3 /* LolayKatTests.xctest */;
			productType = "com.apple.product-type.bundle.unit-test";
		};
/* End PBXNativeTarget section */

/* Begin PBXProject section */
		320E43C5191D503000D2C7E3 /* Project object */ = {
			isa = PBXProject;
			attributes = {
				LastUpgradeCheck = 0510;
				ORGANIZATIONNAME = Lolay;
			};
			buildConfigurationList = 320E43C8191D503000D2C7E3 /* Build configuration list for PBXProject "LolayKat" */;
			compatibilityVersion = "Xcode 3.2";
			developmentRegion = English;
			hasScannedForEncodings = 0;
			knownRegions = (
				en,
			);
			mainGroup = 320E43C4191D503000D2C7E3;
			productRefGroup = 320E43CE191D503000D2C7E3 /* Products */;
			projectDirPath = "";
			projectRoot = "";
			targets = (
				320E43CC191D503000D2C7E3 /* LolayKat */,
				320E43DC191D503100D2C7E3 /* LolayKatTests */,
			);
		};
/* End PBXProject section */

/* Begin PBXResourcesBuildPhase section */
		320E43DB191D503100D2C7E3 /* Resources */ = {
			isa = PBXResourcesBuildPhase;
			buildActionMask = 2147483647;
			files = (
				320E445E191D512700D2C7E3 /* LolayPairField.xib in Resources */,
				320E43EB191D503100D2C7E3 /* InfoPlist.strings in Resources */,
				320E440D191D50C900D2C7E3 /* LolayBackgroundNavigation.xib in Resources */,
				320E4416191D50C900D2C7E3 /* LolayDateField.xib in Resources */,
			);
			runOnlyForDeploymentPostprocessing = 0;
		};
/* End PBXResourcesBuildPhase section */

/* Begin PBXShellScriptBuildPhase section */
		2CC01155CBE64A0CB05636B4 /* Copy Pods Resources */ = {
			isa = PBXShellScriptBuildPhase;
			buildActionMask = 2147483647;
			files = (
			);
			inputPaths = (
			);
			name = "Copy Pods Resources";
			outputPaths = (
			);
			runOnlyForDeploymentPostprocessing = 0;
			shellPath = /bin/sh;
			shellScript = "\"${SRCROOT}/Pods/Pods-resources.sh\"\n";
			showEnvVarsInLog = 0;
		};
		FA123625DFB24176A909E8E8 /* Check Pods Manifest.lock */ = {
			isa = PBXShellScriptBuildPhase;
			buildActionMask = 2147483647;
			files = (
			);
			inputPaths = (
			);
			name = "Check Pods Manifest.lock";
			outputPaths = (
			);
			runOnlyForDeploymentPostprocessing = 0;
			shellPath = /bin/sh;
			shellScript = "diff \"${PODS_ROOT}/../Podfile.lock\" \"${PODS_ROOT}/Manifest.lock\" > /dev/null\nif [[ $? != 0 ]] ; then\n    cat << EOM\nerror: The sandbox is not in sync with the Podfile.lock. Run 'pod install' or update your CocoaPods installation.\nEOM\n    exit 1\nfi\n";
			showEnvVarsInLog = 0;
		};
/* End PBXShellScriptBuildPhase section */

/* Begin PBXSourcesBuildPhase section */
		320E43C9191D503000D2C7E3 /* Sources */ = {
			isa = PBXSourcesBuildPhase;
			buildActionMask = 2147483647;
			files = (
				320E4467191D512700D2C7E3 /* LolayUnderlineButton.m in Sources */,
				320E445F191D512700D2C7E3 /* LolayScalingLabel.m in Sources */,
				320E440B191D50C900D2C7E3 /* LolayApsBuilder.m in Sources */,
				320E4484191D512700D2C7E3 /* UIColor+Lolay.m in Sources */,
				320E4479191D512700D2C7E3 /* NSSet+Lolay.m in Sources */,
				320E4486191D512700D2C7E3 /* UIDevice+Lolay.m in Sources */,
				320E448C191D512700D2C7E3 /* UINavigationBar+LolayBackgroundImage.m in Sources */,
				320E441B191D50C900D2C7E3 /* LolayDynamicBackgroundTextField.m in Sources */,
				320E447B191D512700D2C7E3 /* NSString+Lolay.m in Sources */,
				320E446D191D512700D2C7E3 /* NSDate+Lolay.m in Sources */,
				320E448E191D512700D2C7E3 /* UIPickerView+Lolay.m in Sources */,
				320E441D191D50C900D2C7E3 /* LolayEntityConverter.m in Sources */,
				320E445A191D512700D2C7E3 /* LolayPageControl.m in Sources */,
				320E4475191D512700D2C7E3 /* NSObject+Lolay.m in Sources */,
				320E4477191D512700D2C7E3 /* NSObject+LolayProperties.m in Sources */,
				320E446B191D512700D2C7E3 /* NSBundle+Lolay.m in Sources */,
				320E440E191D50C900D2C7E3 /* LolayBackgroundNavigationBar.m in Sources */,
				320E4412191D50C900D2C7E3 /* LolayCounter.m in Sources */,
				320E446F191D512700D2C7E3 /* NSDictionary+Lolay.m in Sources */,
				320E4469191D512700D2C7E3 /* NSArray+Lolay.m in Sources */,
				320E4410191D50C900D2C7E3 /* LolayBackgroundToolbar.m in Sources */,
				320E4461191D512700D2C7E3 /* LolaySynchronousEventStore.m in Sources */,
				320E4414191D50C900D2C7E3 /* LolayDateField.m in Sources */,
				320E4463191D512700D2C7E3 /* LolayUIRevealController.m in Sources */,
				320E4480191D512700D2C7E3 /* UIApplication+LolayActivityIndicator.m in Sources */,
				320E4465191D512700D2C7E3 /* LolayUISwitch.m in Sources */,
				320E445C191D512700D2C7E3 /* LolayPairField.m in Sources */,
				320E4458191D512700D2C7E3 /* LolayMemoryDiagnostics.m in Sources */,
				320E4473191D512700D2C7E3 /* NSNumber+Lolay.m in Sources */,
				320E4482191D512700D2C7E3 /* UIButton+Lolay.m in Sources */,
				320E448A191D512700D2C7E3 /* UILabel+Lolay.m in Sources */,
				320E447D191D512700D2C7E3 /* NSURL+Lolay.m in Sources */,
				405A83E7195CB21F00C1506B /* LolaySearchController.m in Sources */,
				320E4417191D50C900D2C7E3 /* LolayDictionaryArchiver.m in Sources */,
				320E4471191D512700D2C7E3 /* NSLocale+Lolay.m in Sources */,
				320E4419191D50C900D2C7E3 /* LolayDictionaryUnarchiver.m in Sources */,
				320E4488191D512700D2C7E3 /* UIImage+Lolay.m in Sources */,
			);
			runOnlyForDeploymentPostprocessing = 0;
		};
		320E43D9191D503100D2C7E3 /* Sources */ = {
			isa = PBXSourcesBuildPhase;
			buildActionMask = 2147483647;
			files = (
				320E4478191D512700D2C7E3 /* NSObject+LolayProperties.m in Sources */,
				320E445B191D512700D2C7E3 /* LolayPageControl.m in Sources */,
				320E4474191D512700D2C7E3 /* NSNumber+Lolay.m in Sources */,
				320E4415191D50C900D2C7E3 /* LolayDateField.m in Sources */,
				320E445D191D512700D2C7E3 /* LolayPairField.m in Sources */,
				320E4476191D512700D2C7E3 /* NSObject+Lolay.m in Sources */,
				320E440C191D50C900D2C7E3 /* LolayApsBuilder.m in Sources */,
				320E440F191D50C900D2C7E3 /* LolayBackgroundNavigationBar.m in Sources */,
				320E4483191D512700D2C7E3 /* UIButton+Lolay.m in Sources */,
				320E43ED191D503100D2C7E3 /* LolayKatTests.m in Sources */,
				320E4464191D512700D2C7E3 /* LolayUIRevealController.m in Sources */,
				320E441A191D50C900D2C7E3 /* LolayDictionaryUnarchiver.m in Sources */,
				320E447C191D512700D2C7E3 /* NSString+Lolay.m in Sources */,
				320E4462191D512700D2C7E3 /* LolaySynchronousEventStore.m in Sources */,
				320E441E191D50C900D2C7E3 /* LolayEntityConverter.m in Sources */,
				320E447A191D512700D2C7E3 /* NSSet+Lolay.m in Sources */,
				320E446C191D512700D2C7E3 /* NSBundle+Lolay.m in Sources */,
				320E4418191D50C900D2C7E3 /* LolayDictionaryArchiver.m in Sources */,
				320E4487191D512700D2C7E3 /* UIDevice+Lolay.m in Sources */,
				320E4466191D512700D2C7E3 /* LolayUISwitch.m in Sources */,
				320E4485191D512700D2C7E3 /* UIColor+Lolay.m in Sources */,
				320E441C191D50C900D2C7E3 /* LolayDynamicBackgroundTextField.m in Sources */,
				320E4460191D512700D2C7E3 /* LolayScalingLabel.m in Sources */,
				320E4489191D512700D2C7E3 /* UIImage+Lolay.m in Sources */,
				320E4472191D512700D2C7E3 /* NSLocale+Lolay.m in Sources */,
				320E446E191D512700D2C7E3 /* NSDate+Lolay.m in Sources */,
				320E4468191D512700D2C7E3 /* LolayUnderlineButton.m in Sources */,
				320E448D191D512700D2C7E3 /* UINavigationBar+LolayBackgroundImage.m in Sources */,
				320E4481191D512700D2C7E3 /* UIApplication+LolayActivityIndicator.m in Sources */,
				320E446A191D512700D2C7E3 /* NSArray+Lolay.m in Sources */,
				320E448B191D512700D2C7E3 /* UILabel+Lolay.m in Sources */,
				320E4470191D512700D2C7E3 /* NSDictionary+Lolay.m in Sources */,
				320E4411191D50C900D2C7E3 /* LolayBackgroundToolbar.m in Sources */,
				320E448F191D512700D2C7E3 /* UIPickerView+Lolay.m in Sources */,
				320E4459191D512700D2C7E3 /* LolayMemoryDiagnostics.m in Sources */,
				320E4413191D50C900D2C7E3 /* LolayCounter.m in Sources */,
				320E447E191D512700D2C7E3 /* NSURL+Lolay.m in Sources */,
			);
			runOnlyForDeploymentPostprocessing = 0;
		};
/* End PBXSourcesBuildPhase section */

/* Begin PBXTargetDependency section */
		320E43E4191D503100D2C7E3 /* PBXTargetDependency */ = {
			isa = PBXTargetDependency;
			target = 320E43CC191D503000D2C7E3 /* LolayKat */;
			targetProxy = 320E43E3191D503100D2C7E3 /* PBXContainerItemProxy */;
		};
/* End PBXTargetDependency section */

/* Begin PBXVariantGroup section */
		320E43E9191D503100D2C7E3 /* InfoPlist.strings */ = {
			isa = PBXVariantGroup;
			children = (
				320E43EA191D503100D2C7E3 /* en */,
			);
			name = InfoPlist.strings;
			sourceTree = "<group>";
		};
/* End PBXVariantGroup section */

/* Begin XCBuildConfiguration section */
		320E43EE191D503100D2C7E3 /* Debug */ = {
			isa = XCBuildConfiguration;
			buildSettings = {
				ALWAYS_SEARCH_USER_PATHS = NO;
				CLANG_CXX_LANGUAGE_STANDARD = "gnu++0x";
				CLANG_CXX_LIBRARY = "libc++";
				CLANG_ENABLE_MODULES = YES;
				CLANG_ENABLE_OBJC_ARC = YES;
				CLANG_WARN_BOOL_CONVERSION = YES;
				CLANG_WARN_CONSTANT_CONVERSION = YES;
				CLANG_WARN_DIRECT_OBJC_ISA_USAGE = YES_ERROR;
				CLANG_WARN_EMPTY_BODY = YES;
				CLANG_WARN_ENUM_CONVERSION = YES;
				CLANG_WARN_INT_CONVERSION = YES;
				CLANG_WARN_OBJC_ROOT_CLASS = YES_ERROR;
				CLANG_WARN__DUPLICATE_METHOD_MATCH = YES;
				COPY_PHASE_STRIP = NO;
				GCC_C_LANGUAGE_STANDARD = gnu99;
				GCC_DYNAMIC_NO_PIC = NO;
				GCC_OPTIMIZATION_LEVEL = 0;
				GCC_PREPROCESSOR_DEFINITIONS = (
					"DEBUG=1",
					"$(inherited)",
				);
				GCC_SYMBOLS_PRIVATE_EXTERN = NO;
				GCC_WARN_64_TO_32_BIT_CONVERSION = YES;
				GCC_WARN_ABOUT_RETURN_TYPE = YES_ERROR;
				GCC_WARN_UNDECLARED_SELECTOR = YES;
				GCC_WARN_UNINITIALIZED_AUTOS = YES_AGGRESSIVE;
				GCC_WARN_UNUSED_FUNCTION = YES;
				GCC_WARN_UNUSED_VARIABLE = YES;
				IPHONEOS_DEPLOYMENT_TARGET = 7.1;
				ONLY_ACTIVE_ARCH = YES;
				SDKROOT = iphoneos;
			};
			name = Debug;
		};
		320E43EF191D503100D2C7E3 /* Release */ = {
			isa = XCBuildConfiguration;
			buildSettings = {
				ALWAYS_SEARCH_USER_PATHS = NO;
				CLANG_CXX_LANGUAGE_STANDARD = "gnu++0x";
				CLANG_CXX_LIBRARY = "libc++";
				CLANG_ENABLE_MODULES = YES;
				CLANG_ENABLE_OBJC_ARC = YES;
				CLANG_WARN_BOOL_CONVERSION = YES;
				CLANG_WARN_CONSTANT_CONVERSION = YES;
				CLANG_WARN_DIRECT_OBJC_ISA_USAGE = YES_ERROR;
				CLANG_WARN_EMPTY_BODY = YES;
				CLANG_WARN_ENUM_CONVERSION = YES;
				CLANG_WARN_INT_CONVERSION = YES;
				CLANG_WARN_OBJC_ROOT_CLASS = YES_ERROR;
				CLANG_WARN__DUPLICATE_METHOD_MATCH = YES;
				COPY_PHASE_STRIP = YES;
				ENABLE_NS_ASSERTIONS = NO;
				GCC_C_LANGUAGE_STANDARD = gnu99;
				GCC_WARN_64_TO_32_BIT_CONVERSION = YES;
				GCC_WARN_ABOUT_RETURN_TYPE = YES_ERROR;
				GCC_WARN_UNDECLARED_SELECTOR = YES;
				GCC_WARN_UNINITIALIZED_AUTOS = YES_AGGRESSIVE;
				GCC_WARN_UNUSED_FUNCTION = YES;
				GCC_WARN_UNUSED_VARIABLE = YES;
				IPHONEOS_DEPLOYMENT_TARGET = 7.1;
				SDKROOT = iphoneos;
				VALIDATE_PRODUCT = YES;
			};
			name = Release;
		};
		320E43F1191D503100D2C7E3 /* Debug */ = {
			isa = XCBuildConfiguration;
			baseConfigurationReference = 95B2E07282D34F31B0F0D579 /* Pods.xcconfig */;
			buildSettings = {
				CLANG_CXX_LANGUAGE_STANDARD = "c++0x";
				DSTROOT = /tmp/LolayKat.dst;
				GCC_C_LANGUAGE_STANDARD = c11;
				GCC_PRECOMPILE_PREFIX_HEADER = YES;
				GCC_PREFIX_HEADER = "LolayKat/LolayKat-Prefix.pch";
				OTHER_LDFLAGS = "-ObjC";
				PRODUCT_NAME = "$(TARGET_NAME)";
				SKIP_INSTALL = YES;
			};
			name = Debug;
		};
		320E43F2191D503100D2C7E3 /* Release */ = {
			isa = XCBuildConfiguration;
			baseConfigurationReference = 95B2E07282D34F31B0F0D579 /* Pods.xcconfig */;
			buildSettings = {
				CLANG_CXX_LANGUAGE_STANDARD = "c++0x";
				DSTROOT = /tmp/LolayKat.dst;
				GCC_C_LANGUAGE_STANDARD = c11;
				GCC_PRECOMPILE_PREFIX_HEADER = YES;
				GCC_PREFIX_HEADER = "LolayKat/LolayKat-Prefix.pch";
				OTHER_LDFLAGS = "-ObjC";
				PRODUCT_NAME = "$(TARGET_NAME)";
				SKIP_INSTALL = YES;
			};
			name = Release;
		};
		320E43F4191D503100D2C7E3 /* Debug */ = {
			isa = XCBuildConfiguration;
			buildSettings = {
				FRAMEWORK_SEARCH_PATHS = (
					"$(SDKROOT)/Developer/Library/Frameworks",
					"$(inherited)",
					"$(DEVELOPER_FRAMEWORKS_DIR)",
				);
				GCC_PRECOMPILE_PREFIX_HEADER = YES;
				GCC_PREFIX_HEADER = "LolayKat/LolayKat-Prefix.pch";
				GCC_PREPROCESSOR_DEFINITIONS = (
					"DEBUG=1",
					"$(inherited)",
				);
				INFOPLIST_FILE = "LolayKatTests/LolayKatTests-Info.plist";
				PRODUCT_NAME = "$(TARGET_NAME)";
				WRAPPER_EXTENSION = xctest;
			};
			name = Debug;
		};
		320E43F5191D503100D2C7E3 /* Release */ = {
			isa = XCBuildConfiguration;
			buildSettings = {
				FRAMEWORK_SEARCH_PATHS = (
					"$(SDKROOT)/Developer/Library/Frameworks",
					"$(inherited)",
					"$(DEVELOPER_FRAMEWORKS_DIR)",
				);
				GCC_PRECOMPILE_PREFIX_HEADER = YES;
				GCC_PREFIX_HEADER = "LolayKat/LolayKat-Prefix.pch";
				INFOPLIST_FILE = "LolayKatTests/LolayKatTests-Info.plist";
				PRODUCT_NAME = "$(TARGET_NAME)";
				WRAPPER_EXTENSION = xctest;
			};
			name = Release;
		};
/* End XCBuildConfiguration section */

/* Begin XCConfigurationList section */
		320E43C8191D503000D2C7E3 /* Build configuration list for PBXProject "LolayKat" */ = {
			isa = XCConfigurationList;
			buildConfigurations = (
				320E43EE191D503100D2C7E3 /* Debug */,
				320E43EF191D503100D2C7E3 /* Release */,
			);
			defaultConfigurationIsVisible = 0;
			defaultConfigurationName = Release;
		};
		320E43F0191D503100D2C7E3 /* Build configuration list for PBXNativeTarget "LolayKat" */ = {
			isa = XCConfigurationList;
			buildConfigurations = (
				320E43F1191D503100D2C7E3 /* Debug */,
				320E43F2191D503100D2C7E3 /* Release */,
			);
			defaultConfigurationIsVisible = 0;
			defaultConfigurationName = Release;
		};
		320E43F3191D503100D2C7E3 /* Build configuration list for PBXNativeTarget "LolayKatTests" */ = {
			isa = XCConfigurationList;
			buildConfigurations = (
				320E43F4191D503100D2C7E3 /* Debug */,
				320E43F5191D503100D2C7E3 /* Release */,
			);
			defaultConfigurationIsVisible = 0;
			defaultConfigurationName = Release;
		};
/* End XCConfigurationList section */
	};
	rootObject = 320E43C5191D503000D2C7E3 /* Project object */;
}
